
Microsoft Visual Studio Solution File, Format Version 12.00
# Visual Studio Version 17
VisualStudioVersion = 17.0.31903.59
MinimumVisualStudioVersion = 10.0.40219.1
Project("{FAE04EC0-301F-11D3-BF4B-00C04F79EFBC}") = "MailSender.App", "MailSender.App\MailSender.App.csproj", "{490952CB-7BDF-4258-A1C5-23742A49804C}"
EndProject
Project("{FAE04EC0-301F-11D3-BF4B-00C04F79EFBC}") = "MailSender.Service", "MailSender.Service\MailSender.Service.csproj", "{725FA8A3-B7D0-488A-A5A1-69A1A81CE8A9}"
EndProject
Global
	GlobalSection(SolutionConfigurationPlatforms) = preSolution
		Debug|Any CPU = Debug|Any CPU
		Release|Any CPU = Release|Any CPU
	EndGlobalSection
	GlobalSection(ProjectConfigurationPlatforms) = postSolution
		{490952CB-7BDF-4258-A1C5-23742A49804C}.Debug|Any CPU.ActiveCfg = Debug|Any CPU
		{490952CB-7BDF-4258-A1C5-23742A49804C}.Debug|Any CPU.Build.0 = Debug|Any CPU
		{490952CB-7BDF-4258-A1C5-23742A49804C}.Release|Any CPU.ActiveCfg = Release|Any CPU
		{490952CB-7BDF-4258-A1C5-23742A49804C}.Release|Any CPU.Build.0 = Release|Any CPU
		{725FA8A3-B7D0-488A-A5A1-69A1A81CE8A9}.Debug|Any CPU.ActiveCfg = Debug|Any CPU
		{725FA8A3-B7D0-488A-A5A1-69A1A81CE8A9}.Debug|Any CPU.Build.0 = Debug|Any CPU
		{725FA8A3-B7D0-488A-A5A1-69A1A81CE8A9}.Release|Any CPU.ActiveCfg = Release|Any CPU
		{725FA8A3-B7D0-488A-A5A1-69A1A81CE8A9}.Release|Any CPU.Build.0 = Release|Any CPU
	EndGlobalSection
	GlobalSection(SolutionProperties) = preSolution
		HideSolutionNode = FALSE
	EndGlobalSection
EndGlobal
